<?xml version="1.0" encoding="utf-8"?>
<Project ToolsVersion="4.0" xmlns="http://schemas.microsoft.com/developer/msbuild/2003">
  <ItemGroup>
    <Filter Include="Source Files">
      <UniqueIdentifier>{4FC737F1-C7A5-4376-A066-2A32D752A2FF}</UniqueIdentifier>
      <Extensions>cpp;c;cc;cxx;c++;cppm;ixx;def;odl;idl;hpj;bat;asm;asmx</Extensions>
    </Filter>
    <Filter Include="Header Files">
      <UniqueIdentifier>{93995380-89BD-4b04-88EB-625FBE52EBFB}</UniqueIdentifier>
      <Extensions>h;hh;hpp;hxx;h++;hm;inl;inc;ipp;xsd</Extensions>
    </Filter>
    <Filter Include="Resource Files">
      <UniqueIdentifier>{67DA6AB6-F800-4c08-8B7A-83BB121AAD01}</UniqueIdentifier>
      <Extensions>rc;ico;cur;bmp;dlg;rc2;rct;bin;rgs;gif;jpg;jpeg;jpe;resx;tiff;tif;png;wav;mfcribbon-ms</Extensions>
    </Filter>
    <Filter Include="libs">
      <UniqueIdentifier>{224a329d-109b-4774-ab30-07ea016e3705}</UniqueIdentifier>
    </Filter>
    <Filter Include="libs\ImGui">
      <UniqueIdentifier>{52bef682-7b5a-455b-85ea-c5e56ca7836c}</UniqueIdentifier>
    </Filter>
    <Filter Include="libs\MinHook">
      <UniqueIdentifier>{9c852eb8-8264-4f0b-bf86-9cb7c95de154}</UniqueIdentifier>
    </Filter>
  </ItemGroup>
  <ItemGroup>
    <ClInclude Include="helper.h">
      <Filter>Header Files</Filter>
    </ClInclude>
    <ClInclude Include="Console.hpp">
      <Filter>Header Files</Filter>
    </ClInclude>
    <ClInclude Include="D3D11Window.hpp">
      <Filter>Header Files</Filter>
    </ClInclude>
    <ClInclude Include="Game.hpp">
      <Filter>Header Files</Filter>
    </ClInclude>
    <ClInclude Include="Menu.hpp">
      <Filter>Header Files</Filter>
    </ClInclude>
    <ClInclude Include="Hooking.hpp">
      <Filter>Header Files</Filter>
    </ClInclude>
    <ClInclude Include="libs\ImGui\imconfig.h">
      <Filter>libs\ImGui</Filter>
    </ClInclude>
    <ClInclude Include="libs\ImGui\imgui.h">
      <Filter>libs\ImGui</Filter>
    </ClInclude>
    <ClInclude Include="libs\ImGui\imgui_impl_dx11.h">
      <Filter>libs\ImGui</Filter>
    </ClInclude>
    <ClInclude Include="libs\ImGui\imgui_impl_win32.h">
      <Filter>libs\ImGui</Filter>
    </ClInclude>
    <ClInclude Include="libs\ImGui\imgui_internal.h">
      <Filter>libs\ImGui</Filter>
    </ClInclude>
    <ClInclude Include="libs\ImGui\imstb_rectpack.h">
      <Filter>libs\ImGui</Filter>
    </ClInclude>
    <ClInclude Include="libs\ImGui\imstb_textedit.h">
      <Filter>libs\ImGui</Filter>
    </ClInclude>
    <ClInclude Include="libs\ImGui\imstb_truetype.h">
      <Filter>libs\ImGui</Filter>
    </ClInclude>
    <ClInclude Include="libs\MinHook\buffer.h">
      <Filter>libs\MinHook</Filter>
    </ClInclude>
    <ClInclude Include="libs\MinHook\hde32.h">
      <Filter>libs\MinHook</Filter>
    </ClInclude>
    <ClInclude Include="libs\MinHook\hde64.h">
      <Filter>libs\MinHook</Filter>
    </ClInclude>
    <ClInclude Include="libs\MinHook\MinHook.h">
      <Filter>libs\MinHook</Filter>
    </ClInclude>
    <ClInclude Include="libs\MinHook\pstdint.h">
      <Filter>libs\MinHook</Filter>
    </ClInclude>
    <ClInclude Include="libs\MinHook\resource.h">
      <Filter>libs\MinHook</Filter>
    </ClInclude>
    <ClInclude Include="libs\MinHook\table32.h">
      <Filter>libs\MinHook</Filter>
    </ClInclude>
    <ClInclude Include="libs\MinHook\table64.h">
      <Filter>libs\MinHook</Filter>
    </ClInclude>
    <ClInclude Include="libs\MinHook\trampoline.h">
      <Filter>libs\MinHook</Filter>
    </ClInclude>
  </ItemGroup>
  <ItemGroup>
    <ClCompile Include="dllmain.cpp">
      <Filter>Source Files</Filter>
    </ClCompile>
    <ClCompile Include="Console.cpp">
      <Filter>Source Files</Filter>
    </ClCompile>
    <ClCompile Include="D3D11Window.cpp">
      <Filter>Source Files</Filter>
    </ClCompile>
    <ClCompile Include="Game.cpp">
      <Filter>Source Files</Filter>
    </ClCompile>
    <ClCompile Include="Menu.cpp">
      <Filter>Source Files</Filter>
    </ClCompile>
    <ClCompile Include="Hooking.cpp">
      <Filter>Source Files</Filter>
    </ClCompile>
    <ClCompile Include="libs\ImGui\imgui.cpp">
      <Filter>libs\ImGui</Filter>
    </ClCompile>
    <ClCompile Include="libs\ImGui\imgui_demo.cpp">
      <Filter>libs\ImGui</Filter>
    </ClCompile>
    <ClCompile Include="libs\ImGui\imgui_draw.cpp">
      <Filter>libs\ImGui</Filter>
    </ClCompile>
    <ClCompile Include="libs\ImGui\imgui_impl_dx11.cpp">
      <Filter>libs\ImGui</Filter>
    </ClCompile>
    <ClCompile Include="libs\ImGui\imgui_impl_win32.cpp">
      <Filter>libs\ImGui</Filter>
    </ClCompile>
    <ClCompile Include="libs\ImGui\imgui_tables.cpp">
      <Filter>libs\ImGui</Filter>
    </ClCompile>
    <ClCompile Include="libs\ImGui\imgui_widgets.cpp">
      <Filter>libs\ImGui</Filter>
    </ClCompile>
    <ClCompile Include="libs\MinHook\buffer.c">
      <Filter>libs\MinHook</Filter>
    </ClCompile>
    <ClCompile Include="libs\MinHook\hde32.c">
      <Filter>libs\MinHook</Filter>
    </ClCompile>
    <ClCompile Include="libs\MinHook\hde64.c">
      <Filter>libs\MinHook</Filter>
    </ClCompile>
    <ClCompile Include="libs\MinHook\hook.c">
      <Filter>libs\MinHook</Filter>
    </ClCompile>
    <ClCompile Include="libs\MinHook\trampoline.c">
      <Filter>libs\MinHook</Filter>
    </ClCompile>
  </ItemGroup>
</Project>